
Microsoft Visual Studio Solution File, Format Version 12.00
# Visual Studio 14
VisualStudioVersion = 14.0.25123.0
MinimumVisualStudioVersion = 10.0.40219.1
Project("{FAE04EC0-301F-11D3-BF4B-00C04F79EFBC}") = "OnlineShop.Common", "OnlineShop.Common\OnlineShop.Common.csproj", "{AA16B80C-EF52-41AB-BCA1-FA52B03B601C}"
EndProject
Project("{FAE04EC0-301F-11D3-BF4B-00C04F79EFBC}") = "OnlineShop.Model", "OnlineShop.Model\OnlineShop.Model.csproj", "{0DD142E2-9938-4DE4-94A1-FD1A28820959}"
EndProject
Project("{FAE04EC0-301F-11D3-BF4B-00C04F79EFBC}") = "OnlineShop.Data", "OnlineShop.Data\OnlineShop.Data.csproj", "{8987954E-0F43-41E8-A517-E8C38EA5D81D}"
EndProject
Project("{FAE04EC0-301F-11D3-BF4B-00C04F79EFBC}") = "OnlineShop.Service", "OnlineShop.Service\OnlineShop.Service.csproj", "{6C4FC1CB-F346-43E3-BA64-FC72BEE7B4FF}"
EndProject
Project("{FAE04EC0-301F-11D3-BF4B-00C04F79EFBC}") = "OnlineShop.Web", "OnlineShop.Web\OnlineShop.Web.csproj", "{18690016-134F-4575-A672-2E318C13F658}"
EndProject
Project("{FAE04EC0-301F-11D3-BF4B-00C04F79EFBC}") = "OnlineShop.UnitTest", "OnlineShop.UnitTest\OnlineShop.UnitTest.csproj", "{78AF41F6-A607-4132-812F-C22409867181}"
EndProject
Global
	GlobalSection(SolutionConfigurationPlatforms) = preSolution
		Debug|Any CPU = Debug|Any CPU
		Release|Any CPU = Release|Any CPU
	EndGlobalSection
	GlobalSection(ProjectConfigurationPlatforms) = postSolution
		{AA16B80C-EF52-41AB-BCA1-FA52B03B601C}.Debug|Any CPU.ActiveCfg = Debug|Any CPU
		{AA16B80C-EF52-41AB-BCA1-FA52B03B601C}.Debug|Any CPU.Build.0 = Debug|Any CPU
		{AA16B80C-EF52-41AB-BCA1-FA52B03B601C}.Release|Any CPU.ActiveCfg = Release|Any CPU
		{AA16B80C-EF52-41AB-BCA1-FA52B03B601C}.Release|Any CPU.Build.0 = Release|Any CPU
		{0DD142E2-9938-4DE4-94A1-FD1A28820959}.Debug|Any CPU.ActiveCfg = Debug|Any CPU
		{0DD142E2-9938-4DE4-94A1-FD1A28820959}.Debug|Any CPU.Build.0 = Debug|Any CPU
		{0DD142E2-9938-4DE4-94A1-FD1A28820959}.Release|Any CPU.ActiveCfg = Release|Any CPU
		{0DD142E2-9938-4DE4-94A1-FD1A28820959}.Release|Any CPU.Build.0 = Release|Any CPU
		{8987954E-0F43-41E8-A517-E8C38EA5D81D}.Debug|Any CPU.ActiveCfg = Debug|Any CPU
		{8987954E-0F43-41E8-A517-E8C38EA5D81D}.Debug|Any CPU.Build.0 = Debug|Any CPU
		{8987954E-0F43-41E8-A517-E8C38EA5D81D}.Release|Any CPU.ActiveCfg = Release|Any CPU
		{8987954E-0F43-41E8-A517-E8C38EA5D81D}.Release|Any CPU.Build.0 = Release|Any CPU
		{6C4FC1CB-F346-43E3-BA64-FC72BEE7B4FF}.Debug|Any CPU.ActiveCfg = Debug|Any CPU
		{6C4FC1CB-F346-43E3-BA64-FC72BEE7B4FF}.Debug|Any CPU.Build.0 = Debug|Any CPU
		{6C4FC1CB-F346-43E3-BA64-FC72BEE7B4FF}.Release|Any CPU.ActiveCfg = Release|Any CPU
		{6C4FC1CB-F346-43E3-BA64-FC72BEE7B4FF}.Release|Any CPU.Build.0 = Release|Any CPU
		{18690016-134F-4575-A672-2E318C13F658}.Debug|Any CPU.ActiveCfg = Debug|Any CPU
		{18690016-134F-4575-A672-2E318C13F658}.Debug|Any CPU.Build.0 = Debug|Any CPU
		{18690016-134F-4575-A672-2E318C13F658}.Release|Any CPU.ActiveCfg = Release|Any CPU
		{18690016-134F-4575-A672-2E318C13F658}.Release|Any CPU.Build.0 = Release|Any CPU
		{78AF41F6-A607-4132-812F-C22409867181}.Debug|Any CPU.ActiveCfg = Debug|Any CPU
		{78AF41F6-A607-4132-812F-C22409867181}.Debug|Any CPU.Build.0 = Debug|Any CPU
		{78AF41F6-A607-4132-812F-C22409867181}.Release|Any CPU.ActiveCfg = Release|Any CPU
		{78AF41F6-A607-4132-812F-C22409867181}.Release|Any CPU.Build.0 = Release|Any CPU
	EndGlobalSection
	GlobalSection(SolutionProperties) = preSolution
		HideSolutionNode = FALSE
	EndGlobalSection
EndGlobal
